
Microsoft Visual Studio Solution File, Format Version 11.00
# Visual Studio 2010
Project("{2150E333-8FDC-42A3-9474-1A3956D46DE8}") = "PFI", "PFI", "{CA2CD2AD-425B-4268-A6BF-694B22EE9712}"
EndProject
Project("{2150E333-8FDC-42A3-9474-1A3956D46DE8}") = "Utils", "Utils", "{73938494-D093-4BF8-8A72-72079F4B72A8}"
EndProject
Project("{2150E333-8FDC-42A3-9474-1A3956D46DE8}") = "WinForms", "WinForms", "{A490EDD8-BA39-4C9D-8645-2138C181DC34}"
EndProject
Project("{2150E333-8FDC-42A3-9474-1A3956D46DE8}") = "Algorithm", "Algorithm", "{92ED3A23-6393-4CA0-92DD-4BB825BCA537}"
EndProject
Project("{FAE04EC0-301F-11D3-BF4B-00C04F79EFBC}") = "Modelling", "Modelling\Modelling.csproj", "{620EAC97-5E8E-4C8A-8524-5941848EBD13}"
EndProject
Project("{FAE04EC0-301F-11D3-BF4B-00C04F79EFBC}") = "SignalGenerator", "Generator\SignalGenerator.csproj", "{55B9C53B-D149-4E6B-8A2E-AF984117B05B}"
EndProject
Project("{FAE04EC0-301F-11D3-BF4B-00C04F79EFBC}") = "SCHVN", "PFI\SCHVN.csproj", "{D23C9D63-7586-4200-9C13-CAB3F57B2275}"
EndProject
Project("{FAE04EC0-301F-11D3-BF4B-00C04F79EFBC}") = "ADCConv", "ADC\ADCConv.csproj", "{5C4AD2F6-7237-4E23-B570-0C42ABBDE1ED}"
EndProject
Project("{FAE04EC0-301F-11D3-BF4B-00C04F79EFBC}") = "DAConv", "DAC\DAConv.csproj", "{5A8C408F-24C8-445B-9668-F2E250DCA392}"
EndProject
Project("{FAE04EC0-301F-11D3-BF4B-00C04F79EFBC}") = "RegisterDevice", "Register\RegisterDevice.csproj", "{5B826CED-1A6A-4FF1-9296-31F6C162440E}"
EndProject
Project("{FAE04EC0-301F-11D3-BF4B-00C04F79EFBC}") = "DeviationGenerator", "DeviationGenerator\DeviationGenerator.csproj", "{A8FAA86D-8EF1-4F28-98FC-94A9D88DC6A3}"
EndProject
Project("{FAE04EC0-301F-11D3-BF4B-00C04F79EFBC}") = "RamDevice", "RamDevice\RamDevice.csproj", "{A746C202-877A-46AB-85C9-1589F21A824C}"
EndProject
Project("{FAE04EC0-301F-11D3-BF4B-00C04F79EFBC}") = "BinaryToSchvnCodeConverter", "BinaryToSchvnCodeConverter\BinaryToSchvnCodeConverter.csproj", "{77A998DB-815A-4440-B8FA-13DB8EC9A7D8}"
EndProject
Project("{FAE04EC0-301F-11D3-BF4B-00C04F79EFBC}") = "Statistics", "Statistics\Statistics.csproj", "{540E8DA2-3587-4048-88EF-DED4230BAA5C}"
EndProject
Project("{FAE04EC0-301F-11D3-BF4B-00C04F79EFBC}") = "GlobalGathering", "GlobalGathering\GlobalGathering.csproj", "{057FA3CE-4B0E-4CAD-ACAE-FCE783214057}"
EndProject
Project("{FAE04EC0-301F-11D3-BF4B-00C04F79EFBC}") = "CalibrationWeights", "CalibrationWeights\CalibrationWeights.csproj", "{BDCC3E02-A277-4D4A-A68E-F3DC653B80FD}"
EndProject
Project("{FAE04EC0-301F-11D3-BF4B-00C04F79EFBC}") = "UsefulMethods", "Useful methods\UsefulMethods.csproj", "{D07A7306-8C82-4290-A4C0-E4D083235D85}"
EndProject
Project("{2150E333-8FDC-42A3-9474-1A3956D46DE8}") = "Peripherals", "Peripherals", "{CFA24ECA-4298-4345-9AEA-43B9F97E14E1}"
EndProject
Project("{FAE04EC0-301F-11D3-BF4B-00C04F79EFBC}") = "UsbAdcReader", "UsbAdcReader\UsbAdcReader.csproj", "{D58E009D-BDD8-44EF-B0FD-43C7A7DF5802}"
EndProject
Project("{2150E333-8FDC-42A3-9474-1A3956D46DE8}") = "Test", "Test", "{26CDD226-C57D-4CBD-809A-8BF488E3E3DF}"
EndProject
Project("{FAE04EC0-301F-11D3-BF4B-00C04F79EFBC}") = "LabViewDllNet", "LabViewDllNet\LabViewDllNet.csproj", "{00A2F613-B0BD-46E6-A1DC-AE1947B36E43}"
EndProject
Project("{FAE04EC0-301F-11D3-BF4B-00C04F79EFBC}") = "ConsoleApplication1", "ConsoleApplication1\ConsoleApplication1.csproj", "{999561FC-4FB3-4C3C-858A-5558398392BE}"
EndProject
Global
	GlobalSection(SolutionConfigurationPlatforms) = preSolution
		Debug|Any CPU = Debug|Any CPU
		Debug|Mixed Platforms = Debug|Mixed Platforms
		Debug|x86 = Debug|x86
		Release|Any CPU = Release|Any CPU
		Release|Mixed Platforms = Release|Mixed Platforms
		Release|x86 = Release|x86
	EndGlobalSection
	GlobalSection(ProjectConfigurationPlatforms) = postSolution
		{620EAC97-5E8E-4C8A-8524-5941848EBD13}.Debug|Any CPU.ActiveCfg = Debug|Any CPU
		{620EAC97-5E8E-4C8A-8524-5941848EBD13}.Debug|Any CPU.Build.0 = Debug|Any CPU
		{620EAC97-5E8E-4C8A-8524-5941848EBD13}.Debug|Mixed Platforms.ActiveCfg = Debug|Any CPU
		{620EAC97-5E8E-4C8A-8524-5941848EBD13}.Debug|Mixed Platforms.Build.0 = Debug|Any CPU
		{620EAC97-5E8E-4C8A-8524-5941848EBD13}.Debug|x86.ActiveCfg = Debug|Any CPU
		{620EAC97-5E8E-4C8A-8524-5941848EBD13}.Release|Any CPU.ActiveCfg = Release|Any CPU
		{620EAC97-5E8E-4C8A-8524-5941848EBD13}.Release|Any CPU.Build.0 = Release|Any CPU
		{620EAC97-5E8E-4C8A-8524-5941848EBD13}.Release|Mixed Platforms.ActiveCfg = Release|Any CPU
		{620EAC97-5E8E-4C8A-8524-5941848EBD13}.Release|Mixed Platforms.Build.0 = Release|Any CPU
		{620EAC97-5E8E-4C8A-8524-5941848EBD13}.Release|x86.ActiveCfg = Release|Any CPU
		{55B9C53B-D149-4E6B-8A2E-AF984117B05B}.Debug|Any CPU.ActiveCfg = Debug|Any CPU
		{55B9C53B-D149-4E6B-8A2E-AF984117B05B}.Debug|Any CPU.Build.0 = Debug|Any CPU
		{55B9C53B-D149-4E6B-8A2E-AF984117B05B}.Debug|Mixed Platforms.ActiveCfg = Debug|Any CPU
		{55B9C53B-D149-4E6B-8A2E-AF984117B05B}.Debug|Mixed Platforms.Build.0 = Debug|Any CPU
		{55B9C53B-D149-4E6B-8A2E-AF984117B05B}.Debug|x86.ActiveCfg = Debug|Any CPU
		{55B9C53B-D149-4E6B-8A2E-AF984117B05B}.Release|Any CPU.ActiveCfg = Release|Any CPU
		{55B9C53B-D149-4E6B-8A2E-AF984117B05B}.Release|Any CPU.Build.0 = Release|Any CPU
		{55B9C53B-D149-4E6B-8A2E-AF984117B05B}.Release|Mixed Platforms.ActiveCfg = Release|Any CPU
		{55B9C53B-D149-4E6B-8A2E-AF984117B05B}.Release|Mixed Platforms.Build.0 = Release|Any CPU
		{55B9C53B-D149-4E6B-8A2E-AF984117B05B}.Release|x86.ActiveCfg = Release|Any CPU
		{D23C9D63-7586-4200-9C13-CAB3F57B2275}.Debug|Any CPU.ActiveCfg = Debug|Any CPU
		{D23C9D63-7586-4200-9C13-CAB3F57B2275}.Debug|Any CPU.Build.0 = Debug|Any CPU
		{D23C9D63-7586-4200-9C13-CAB3F57B2275}.Debug|Mixed Platforms.ActiveCfg = Debug|Any CPU
		{D23C9D63-7586-4200-9C13-CAB3F57B2275}.Debug|Mixed Platforms.Build.0 = Debug|Any CPU
		{D23C9D63-7586-4200-9C13-CAB3F57B2275}.Debug|x86.ActiveCfg = Debug|Any CPU
		{D23C9D63-7586-4200-9C13-CAB3F57B2275}.Release|Any CPU.ActiveCfg = Release|Any CPU
		{D23C9D63-7586-4200-9C13-CAB3F57B2275}.Release|Any CPU.Build.0 = Release|Any CPU
		{D23C9D63-7586-4200-9C13-CAB3F57B2275}.Release|Mixed Platforms.ActiveCfg = Release|Any CPU
		{D23C9D63-7586-4200-9C13-CAB3F57B2275}.Release|Mixed Platforms.Build.0 = Release|Any CPU
		{D23C9D63-7586-4200-9C13-CAB3F57B2275}.Release|x86.ActiveCfg = Release|Any CPU
		{5C4AD2F6-7237-4E23-B570-0C42ABBDE1ED}.Debug|Any CPU.ActiveCfg = Debug|Any CPU
		{5C4AD2F6-7237-4E23-B570-0C42ABBDE1ED}.Debug|Any CPU.Build.0 = Debug|Any CPU
		{5C4AD2F6-7237-4E23-B570-0C42ABBDE1ED}.Debug|Mixed Platforms.ActiveCfg = Debug|Any CPU
		{5C4AD2F6-7237-4E23-B570-0C42ABBDE1ED}.Debug|Mixed Platforms.Build.0 = Debug|Any CPU
		{5C4AD2F6-7237-4E23-B570-0C42ABBDE1ED}.Debug|x86.ActiveCfg = Debug|Any CPU
		{5C4AD2F6-7237-4E23-B570-0C42ABBDE1ED}.Release|Any CPU.ActiveCfg = Release|Any CPU
		{5C4AD2F6-7237-4E23-B570-0C42ABBDE1ED}.Release|Any CPU.Build.0 = Release|Any CPU
		{5C4AD2F6-7237-4E23-B570-0C42ABBDE1ED}.Release|Mixed Platforms.ActiveCfg = Release|Any CPU
		{5C4AD2F6-7237-4E23-B570-0C42ABBDE1ED}.Release|Mixed Platforms.Build.0 = Release|Any CPU
		{5C4AD2F6-7237-4E23-B570-0C42ABBDE1ED}.Release|x86.ActiveCfg = Release|Any CPU
		{5A8C408F-24C8-445B-9668-F2E250DCA392}.Debug|Any CPU.ActiveCfg = Debug|Any CPU
		{5A8C408F-24C8-445B-9668-F2E250DCA392}.Debug|Any CPU.Build.0 = Debug|Any CPU
		{5A8C408F-24C8-445B-9668-F2E250DCA392}.Debug|Mixed Platforms.ActiveCfg = Debug|Any CPU
		{5A8C408F-24C8-445B-9668-F2E250DCA392}.Debug|Mixed Platforms.Build.0 = Debug|Any CPU
		{5A8C408F-24C8-445B-9668-F2E250DCA392}.Debug|x86.ActiveCfg = Debug|Any CPU
		{5A8C408F-24C8-445B-9668-F2E250DCA392}.Release|Any CPU.ActiveCfg = Release|Any CPU
		{5A8C408F-24C8-445B-9668-F2E250DCA392}.Release|Any CPU.Build.0 = Release|Any CPU
		{5A8C408F-24C8-445B-9668-F2E250DCA392}.Release|Mixed Platforms.ActiveCfg = Release|Any CPU
		{5A8C408F-24C8-445B-9668-F2E250DCA392}.Release|Mixed Platforms.Build.0 = Release|Any CPU
		{5A8C408F-24C8-445B-9668-F2E250DCA392}.Release|x86.ActiveCfg = Release|Any CPU
		{5B826CED-1A6A-4FF1-9296-31F6C162440E}.Debug|Any CPU.ActiveCfg = Debug|Any CPU
		{5B826CED-1A6A-4FF1-9296-31F6C162440E}.Debug|Any CPU.Build.0 = Debug|Any CPU
		{5B826CED-1A6A-4FF1-9296-31F6C162440E}.Debug|Mixed Platforms.ActiveCfg = Debug|Any CPU
		{5B826CED-1A6A-4FF1-9296-31F6C162440E}.Debug|Mixed Platforms.Build.0 = Debug|Any CPU
		{5B826CED-1A6A-4FF1-9296-31F6C162440E}.Debug|x86.ActiveCfg = Debug|Any CPU
		{5B826CED-1A6A-4FF1-9296-31F6C162440E}.Release|Any CPU.ActiveCfg = Release|Any CPU
		{5B826CED-1A6A-4FF1-9296-31F6C162440E}.Release|Any CPU.Build.0 = Release|Any CPU
		{5B826CED-1A6A-4FF1-9296-31F6C162440E}.Release|Mixed Platforms.ActiveCfg = Release|Any CPU
		{5B826CED-1A6A-4FF1-9296-31F6C162440E}.Release|Mixed Platforms.Build.0 = Release|Any CPU
		{5B826CED-1A6A-4FF1-9296-31F6C162440E}.Release|x86.ActiveCfg = Release|Any CPU
		{A8FAA86D-8EF1-4F28-98FC-94A9D88DC6A3}.Debug|Any CPU.ActiveCfg = Debug|Any CPU
		{A8FAA86D-8EF1-4F28-98FC-94A9D88DC6A3}.Debug|Any CPU.Build.0 = Debug|Any CPU
		{A8FAA86D-8EF1-4F28-98FC-94A9D88DC6A3}.Debug|Mixed Platforms.ActiveCfg = Debug|Any CPU
		{A8FAA86D-8EF1-4F28-98FC-94A9D88DC6A3}.Debug|Mixed Platforms.Build.0 = Debug|Any CPU
		{A8FAA86D-8EF1-4F28-98FC-94A9D88DC6A3}.Debug|x86.ActiveCfg = Debug|Any CPU
		{A8FAA86D-8EF1-4F28-98FC-94A9D88DC6A3}.Release|Any CPU.ActiveCfg = Release|Any CPU
		{A8FAA86D-8EF1-4F28-98FC-94A9D88DC6A3}.Release|Any CPU.Build.0 = Release|Any CPU
		{A8FAA86D-8EF1-4F28-98FC-94A9D88DC6A3}.Release|Mixed Platforms.ActiveCfg = Release|Any CPU
		{A8FAA86D-8EF1-4F28-98FC-94A9D88DC6A3}.Release|Mixed Platforms.Build.0 = Release|Any CPU
		{A8FAA86D-8EF1-4F28-98FC-94A9D88DC6A3}.Release|x86.ActiveCfg = Release|Any CPU
		{A746C202-877A-46AB-85C9-1589F21A824C}.Debug|Any CPU.ActiveCfg = Debug|Any CPU
		{A746C202-877A-46AB-85C9-1589F21A824C}.Debug|Any CPU.Build.0 = Debug|Any CPU
		{A746C202-877A-46AB-85C9-1589F21A824C}.Debug|Mixed Platforms.ActiveCfg = Debug|Any CPU
		{A746C202-877A-46AB-85C9-1589F21A824C}.Debug|Mixed Platforms.Build.0 = Debug|Any CPU
		{A746C202-877A-46AB-85C9-1589F21A824C}.Debug|x86.ActiveCfg = Debug|Any CPU
		{A746C202-877A-46AB-85C9-1589F21A824C}.Release|Any CPU.ActiveCfg = Release|Any CPU
		{A746C202-877A-46AB-85C9-1589F21A824C}.Release|Any CPU.Build.0 = Release|Any CPU
		{A746C202-877A-46AB-85C9-1589F21A824C}.Release|Mixed Platforms.ActiveCfg = Release|Any CPU
		{A746C202-877A-46AB-85C9-1589F21A824C}.Release|Mixed Platforms.Build.0 = Release|Any CPU
		{A746C202-877A-46AB-85C9-1589F21A824C}.Release|x86.ActiveCfg = Release|Any CPU
		{77A998DB-815A-4440-B8FA-13DB8EC9A7D8}.Debug|Any CPU.ActiveCfg = Debug|Any CPU
		{77A998DB-815A-4440-B8FA-13DB8EC9A7D8}.Debug|Any CPU.Build.0 = Debug|Any CPU
		{77A998DB-815A-4440-B8FA-13DB8EC9A7D8}.Debug|Mixed Platforms.ActiveCfg = Debug|Any CPU
		{77A998DB-815A-4440-B8FA-13DB8EC9A7D8}.Debug|Mixed Platforms.Build.0 = Debug|Any CPU
		{77A998DB-815A-4440-B8FA-13DB8EC9A7D8}.Debug|x86.ActiveCfg = Debug|Any CPU
		{77A998DB-815A-4440-B8FA-13DB8EC9A7D8}.Release|Any CPU.ActiveCfg = Release|Any CPU
		{77A998DB-815A-4440-B8FA-13DB8EC9A7D8}.Release|Any CPU.Build.0 = Release|Any CPU
		{77A998DB-815A-4440-B8FA-13DB8EC9A7D8}.Release|Mixed Platforms.ActiveCfg = Release|Any CPU
		{77A998DB-815A-4440-B8FA-13DB8EC9A7D8}.Release|Mixed Platforms.Build.0 = Release|Any CPU
		{77A998DB-815A-4440-B8FA-13DB8EC9A7D8}.Release|x86.ActiveCfg = Release|Any CPU
		{540E8DA2-3587-4048-88EF-DED4230BAA5C}.Debug|Any CPU.ActiveCfg = Debug|Any CPU
		{540E8DA2-3587-4048-88EF-DED4230BAA5C}.Debug|Any CPU.Build.0 = Debug|Any CPU
		{540E8DA2-3587-4048-88EF-DED4230BAA5C}.Debug|Mixed Platforms.ActiveCfg = Debug|Any CPU
		{540E8DA2-3587-4048-88EF-DED4230BAA5C}.Debug|Mixed Platforms.Build.0 = Debug|Any CPU
		{540E8DA2-3587-4048-88EF-DED4230BAA5C}.Debug|x86.ActiveCfg = Debug|Any CPU
		{540E8DA2-3587-4048-88EF-DED4230BAA5C}.Release|Any CPU.ActiveCfg = Release|Any CPU
		{540E8DA2-3587-4048-88EF-DED4230BAA5C}.Release|Any CPU.Build.0 = Release|Any CPU
		{540E8DA2-3587-4048-88EF-DED4230BAA5C}.Release|Mixed Platforms.ActiveCfg = Release|Any CPU
		{540E8DA2-3587-4048-88EF-DED4230BAA5C}.Release|Mixed Platforms.Build.0 = Release|Any CPU
		{540E8DA2-3587-4048-88EF-DED4230BAA5C}.Release|x86.ActiveCfg = Release|Any CPU
		{057FA3CE-4B0E-4CAD-ACAE-FCE783214057}.Debug|Any CPU.ActiveCfg = Debug|Any CPU
		{057FA3CE-4B0E-4CAD-ACAE-FCE783214057}.Debug|Any CPU.Build.0 = Debug|Any CPU
		{057FA3CE-4B0E-4CAD-ACAE-FCE783214057}.Debug|Mixed Platforms.ActiveCfg = Debug|Any CPU
		{057FA3CE-4B0E-4CAD-ACAE-FCE783214057}.Debug|Mixed Platforms.Build.0 = Debug|Any CPU
		{057FA3CE-4B0E-4CAD-ACAE-FCE783214057}.Debug|x86.ActiveCfg = Debug|Any CPU
		{057FA3CE-4B0E-4CAD-ACAE-FCE783214057}.Release|Any CPU.ActiveCfg = Release|Any CPU
		{057FA3CE-4B0E-4CAD-ACAE-FCE783214057}.Release|Any CPU.Build.0 = Release|Any CPU
		{057FA3CE-4B0E-4CAD-ACAE-FCE783214057}.Release|Mixed Platforms.ActiveCfg = Release|Any CPU
		{057FA3CE-4B0E-4CAD-ACAE-FCE783214057}.Release|Mixed Platforms.Build.0 = Release|Any CPU
		{057FA3CE-4B0E-4CAD-ACAE-FCE783214057}.Release|x86.ActiveCfg = Release|Any CPU
		{BDCC3E02-A277-4D4A-A68E-F3DC653B80FD}.Debug|Any CPU.ActiveCfg = Debug|Any CPU
		{BDCC3E02-A277-4D4A-A68E-F3DC653B80FD}.Debug|Any CPU.Build.0 = Debug|Any CPU
		{BDCC3E02-A277-4D4A-A68E-F3DC653B80FD}.Debug|Mixed Platforms.ActiveCfg = Debug|Any CPU
		{BDCC3E02-A277-4D4A-A68E-F3DC653B80FD}.Debug|Mixed Platforms.Build.0 = Debug|Any CPU
		{BDCC3E02-A277-4D4A-A68E-F3DC653B80FD}.Debug|x86.ActiveCfg = Debug|Any CPU
		{BDCC3E02-A277-4D4A-A68E-F3DC653B80FD}.Release|Any CPU.ActiveCfg = Release|Any CPU
		{BDCC3E02-A277-4D4A-A68E-F3DC653B80FD}.Release|Any CPU.Build.0 = Release|Any CPU
		{BDCC3E02-A277-4D4A-A68E-F3DC653B80FD}.Release|Mixed Platforms.ActiveCfg = Release|Any CPU
		{BDCC3E02-A277-4D4A-A68E-F3DC653B80FD}.Release|Mixed Platforms.Build.0 = Release|Any CPU
		{BDCC3E02-A277-4D4A-A68E-F3DC653B80FD}.Release|x86.ActiveCfg = Release|Any CPU
		{D07A7306-8C82-4290-A4C0-E4D083235D85}.Debug|Any CPU.ActiveCfg = Debug|Any CPU
		{D07A7306-8C82-4290-A4C0-E4D083235D85}.Debug|Any CPU.Build.0 = Debug|Any CPU
		{D07A7306-8C82-4290-A4C0-E4D083235D85}.Debug|Mixed Platforms.ActiveCfg = Debug|Any CPU
		{D07A7306-8C82-4290-A4C0-E4D083235D85}.Debug|Mixed Platforms.Build.0 = Debug|Any CPU
		{D07A7306-8C82-4290-A4C0-E4D083235D85}.Debug|x86.ActiveCfg = Debug|Any CPU
		{D07A7306-8C82-4290-A4C0-E4D083235D85}.Release|Any CPU.ActiveCfg = Release|Any CPU
		{D07A7306-8C82-4290-A4C0-E4D083235D85}.Release|Any CPU.Build.0 = Release|Any CPU
		{D07A7306-8C82-4290-A4C0-E4D083235D85}.Release|Mixed Platforms.ActiveCfg = Release|Any CPU
		{D07A7306-8C82-4290-A4C0-E4D083235D85}.Release|Mixed Platforms.Build.0 = Release|Any CPU
		{D07A7306-8C82-4290-A4C0-E4D083235D85}.Release|x86.ActiveCfg = Release|Any CPU
		{D58E009D-BDD8-44EF-B0FD-43C7A7DF5802}.Debug|Any CPU.ActiveCfg = Debug|Any CPU
		{D58E009D-BDD8-44EF-B0FD-43C7A7DF5802}.Debug|Any CPU.Build.0 = Debug|Any CPU
		{D58E009D-BDD8-44EF-B0FD-43C7A7DF5802}.Debug|Mixed Platforms.ActiveCfg = Debug|Any CPU
		{D58E009D-BDD8-44EF-B0FD-43C7A7DF5802}.Debug|Mixed Platforms.Build.0 = Debug|Any CPU
		{D58E009D-BDD8-44EF-B0FD-43C7A7DF5802}.Debug|x86.ActiveCfg = Debug|Any CPU
		{D58E009D-BDD8-44EF-B0FD-43C7A7DF5802}.Release|Any CPU.ActiveCfg = Release|Any CPU
		{D58E009D-BDD8-44EF-B0FD-43C7A7DF5802}.Release|Any CPU.Build.0 = Release|Any CPU
		{D58E009D-BDD8-44EF-B0FD-43C7A7DF5802}.Release|Mixed Platforms.ActiveCfg = Release|Any CPU
		{D58E009D-BDD8-44EF-B0FD-43C7A7DF5802}.Release|Mixed Platforms.Build.0 = Release|Any CPU
		{D58E009D-BDD8-44EF-B0FD-43C7A7DF5802}.Release|x86.ActiveCfg = Release|Any CPU
		{00A2F613-B0BD-46E6-A1DC-AE1947B36E43}.Debug|Any CPU.ActiveCfg = Debug|Any CPU
		{00A2F613-B0BD-46E6-A1DC-AE1947B36E43}.Debug|Any CPU.Build.0 = Debug|Any CPU
		{00A2F613-B0BD-46E6-A1DC-AE1947B36E43}.Debug|Mixed Platforms.ActiveCfg = Debug|Any CPU
		{00A2F613-B0BD-46E6-A1DC-AE1947B36E43}.Debug|Mixed Platforms.Build.0 = Debug|Any CPU
		{00A2F613-B0BD-46E6-A1DC-AE1947B36E43}.Debug|x86.ActiveCfg = Debug|Any CPU
		{00A2F613-B0BD-46E6-A1DC-AE1947B36E43}.Release|Any CPU.ActiveCfg = Release|Any CPU
		{00A2F613-B0BD-46E6-A1DC-AE1947B36E43}.Release|Any CPU.Build.0 = Release|Any CPU
		{00A2F613-B0BD-46E6-A1DC-AE1947B36E43}.Release|Mixed Platforms.ActiveCfg = Release|Any CPU
		{00A2F613-B0BD-46E6-A1DC-AE1947B36E43}.Release|Mixed Platforms.Build.0 = Release|Any CPU
		{00A2F613-B0BD-46E6-A1DC-AE1947B36E43}.Release|x86.ActiveCfg = Release|Any CPU
		{999561FC-4FB3-4C3C-858A-5558398392BE}.Debug|Any CPU.ActiveCfg = Debug|x86
		{999561FC-4FB3-4C3C-858A-5558398392BE}.Debug|Mixed Platforms.ActiveCfg = Debug|x86
		{999561FC-4FB3-4C3C-858A-5558398392BE}.Debug|Mixed Platforms.Build.0 = Debug|x86
		{999561FC-4FB3-4C3C-858A-5558398392BE}.Debug|x86.ActiveCfg = Debug|x86
		{999561FC-4FB3-4C3C-858A-5558398392BE}.Debug|x86.Build.0 = Debug|x86
		{999561FC-4FB3-4C3C-858A-5558398392BE}.Release|Any CPU.ActiveCfg = Release|x86
		{999561FC-4FB3-4C3C-858A-5558398392BE}.Release|Mixed Platforms.ActiveCfg = Release|x86
		{999561FC-4FB3-4C3C-858A-5558398392BE}.Release|Mixed Platforms.Build.0 = Release|x86
		{999561FC-4FB3-4C3C-858A-5558398392BE}.Release|x86.ActiveCfg = Release|x86
		{999561FC-4FB3-4C3C-858A-5558398392BE}.Release|x86.Build.0 = Release|x86
	EndGlobalSection
	GlobalSection(SolutionProperties) = preSolution
		HideSolutionNode = FALSE
	EndGlobalSection
	GlobalSection(NestedProjects) = preSolution
		{D23C9D63-7586-4200-9C13-CAB3F57B2275} = {CA2CD2AD-425B-4268-A6BF-694B22EE9712}
		{5C4AD2F6-7237-4E23-B570-0C42ABBDE1ED} = {CA2CD2AD-425B-4268-A6BF-694B22EE9712}
		{5A8C408F-24C8-445B-9668-F2E250DCA392} = {CA2CD2AD-425B-4268-A6BF-694B22EE9712}
		{5B826CED-1A6A-4FF1-9296-31F6C162440E} = {CA2CD2AD-425B-4268-A6BF-694B22EE9712}
		{55B9C53B-D149-4E6B-8A2E-AF984117B05B} = {73938494-D093-4BF8-8A72-72079F4B72A8}
		{A8FAA86D-8EF1-4F28-98FC-94A9D88DC6A3} = {73938494-D093-4BF8-8A72-72079F4B72A8}
		{A746C202-877A-46AB-85C9-1589F21A824C} = {73938494-D093-4BF8-8A72-72079F4B72A8}
		{77A998DB-815A-4440-B8FA-13DB8EC9A7D8} = {73938494-D093-4BF8-8A72-72079F4B72A8}
		{540E8DA2-3587-4048-88EF-DED4230BAA5C} = {73938494-D093-4BF8-8A72-72079F4B72A8}
		{057FA3CE-4B0E-4CAD-ACAE-FCE783214057} = {73938494-D093-4BF8-8A72-72079F4B72A8}
		{620EAC97-5E8E-4C8A-8524-5941848EBD13} = {A490EDD8-BA39-4C9D-8645-2138C181DC34}
		{BDCC3E02-A277-4D4A-A68E-F3DC653B80FD} = {92ED3A23-6393-4CA0-92DD-4BB825BCA537}
		{D07A7306-8C82-4290-A4C0-E4D083235D85} = {92ED3A23-6393-4CA0-92DD-4BB825BCA537}
		{D58E009D-BDD8-44EF-B0FD-43C7A7DF5802} = {CFA24ECA-4298-4345-9AEA-43B9F97E14E1}
		{00A2F613-B0BD-46E6-A1DC-AE1947B36E43} = {CFA24ECA-4298-4345-9AEA-43B9F97E14E1}
		{999561FC-4FB3-4C3C-858A-5558398392BE} = {26CDD226-C57D-4CBD-809A-8BF488E3E3DF}
	EndGlobalSection
EndGlobal
